<?xml version="1.0" encoding="utf-8"?>
<Project ToolsVersion="4.0" xmlns="http://schemas.microsoft.com/developer/msbuild/2003">
  <ItemGroup>
    <Filter Include="Source Files">
      <UniqueIdentifier>{4FC737F1-C7A5-4376-A066-2A32D752A2FF}</UniqueIdentifier>
      <Extensions>cpp;c;cc;cxx;c++;cppm;ixx;def;odl;idl;hpj;bat;asm;asmx</Extensions>
    </Filter>
    <Filter Include="Header Files">
      <UniqueIdentifier>{93995380-89BD-4b04-88EB-625FBE52EBFB}</UniqueIdentifier>
      <Extensions>h;hh;hpp;hxx;h++;hm;inl;inc;ipp;xsd</Extensions>
    </Filter>
    <Filter Include="Resource Files">
      <UniqueIdentifier>{67DA6AB6-F800-4c08-8B7A-83BB121AAD01}</UniqueIdentifier>
      <Extensions>rc;ico;cur;bmp;dlg;rc2;rct;bin;rgs;gif;jpg;jpeg;jpe;resx;tiff;tif;png;wav;mfcribbon-ms</Extensions>
    </Filter>
    <Filter Include="Source Files\Cube">
      <UniqueIdentifier>{05b6965d-7f62-415a-96a2-f9af7ca52f84}</UniqueIdentifier>
    </Filter>
    <Filter Include="Header Files\Cube">
      <UniqueIdentifier>{84b08b8f-31af-44a3-af54-5cbb59e6d2cc}</UniqueIdentifier>
    </Filter>
    <Filter Include="Header Files\Light">
      <UniqueIdentifier>{998d8683-c128-43c8-b697-a46ba3c40ea7}</UniqueIdentifier>
    </Filter>
    <Filter Include="Source Files\Light">
      <UniqueIdentifier>{f918d562-8db1-4c51-ae90-092f8ce8ab48}</UniqueIdentifier>
    </Filter>
    <Filter Include="Header Files\Shaders">
      <UniqueIdentifier>{df216825-bce5-4a03-b56c-545a64cc34a2}</UniqueIdentifier>
    </Filter>
  </ItemGroup>
  <ItemGroup>
    <ClCompile Include="Main.cpp">
      <Filter>Source Files</Filter>
    </ClCompile>
    <ClCompile Include="Cube\BaseCube.cpp">
      <Filter>Source Files\Cube</Filter>
    </ClCompile>
    <ClCompile Include="Cube\Cube.cpp">
      <Filter>Source Files\Cube</Filter>
    </ClCompile>
    <ClCompile Include="Cube\MyCube.cpp">
      <Filter>Source Files\Cube</Filter>
    </ClCompile>
    <ClCompile Include="Cube\RotatingCube.cpp">
      <Filter>Source Files\Cube</Filter>
    </ClCompile>
    <ClCompile Include="Light\RotatingPointLight.cpp">
      <Filter>Source Files\Light</Filter>
    </ClCompile>
  </ItemGroup>
  <ItemGroup>
    <ClInclude Include="Cube\BaseCube.h">
      <Filter>Header Files\Cube</Filter>
    </ClInclude>
    <ClInclude Include="Cube\Cube.h">
      <Filter>Header Files\Cube</Filter>
    </ClInclude>
    <ClInclude Include="Cube\MyCube.h">
      <Filter>Header Files\Cube</Filter>
    </ClInclude>
    <ClInclude Include="Cube\RotatingCube.h">
      <Filter>Header Files\Cube</Filter>
    </ClInclude>
    <ClInclude Include="Light\RotatingPointLight.h">
      <Filter>Header Files\Light</Filter>
    </ClInclude>
  </ItemGroup>
  <ItemGroup>
    <None Include="Shaders\PhongShaders.fxh">
      <Filter>Header Files\Shaders</Filter>
    </None>
    <None Include="Shaders\Shaders.fxh">
      <Filter>Header Files\Shaders</Filter>
    </None>
    <None Include="Shaders\VoxelShaders.fxh">
      <Filter>Header Files\Shaders</Filter>
    </None>
    <None Include="Shaders\SkinningShaders.fxh">
      <Filter>Header Files\Shaders</Filter>
    </None>
    <None Include="Shaders\ShadowShaders.fxh">
      <Filter>Header Files\Shaders</Filter>
    </None>
  </ItemGroup>
  <ItemGroup>
    <FxCompile Include="Shaders\PS.hlsl">
      <Filter>Header Files\Shaders</Filter>
    </FxCompile>
    <FxCompile Include="Shaders\VS.hlsl">
      <Filter>Header Files\Shaders</Filter>
    </FxCompile>
  </ItemGroup>
</Project>